// !$*UTF8*$!
{
	archiveVersion = 1;
	classes = {
	};
	objectVersion = 46;
	objects = {

/* Begin PBXBuildFile section */
		7EA6726C1A2D202200BF1655 /* AppDelegate.swift in Sources */ = {isa = PBXBuildFile; fileRef = 7EA6726B1A2D202200BF1655 /* AppDelegate.swift */; };
		7EA6726F1A2D202200BF1655 /* ExchangeAGram.xcdatamodeld in Sources */ = {isa = PBXBuildFile; fileRef = 7EA6726D1A2D202200BF1655 /* ExchangeAGram.xcdatamodeld */; };
		7EA672741A2D202200BF1655 /* Main.storyboard in Resources */ = {isa = PBXBuildFile; fileRef = 7EA672721A2D202200BF1655 /* Main.storyboard */; };
		7EA672761A2D202200BF1655 /* Images.xcassets in Resources */ = {isa = PBXBuildFile; fileRef = 7EA672751A2D202200BF1655 /* Images.xcassets */; };
		7EA672791A2D202200BF1655 /* LaunchScreen.xib in Resources */ = {isa = PBXBuildFile; fileRef = 7EA672771A2D202200BF1655 /* LaunchScreen.xib */; };
		7EA672851A2D202200BF1655 /* ExchangeAGramTests.swift in Sources */ = {isa = PBXBuildFile; fileRef = 7EA672841A2D202200BF1655 /* ExchangeAGramTests.swift */; };
		7EA6728F1A2D216400BF1655 /* FeedViewController.swift in Sources */ = {isa = PBXBuildFile; fileRef = 7EA6728E1A2D216400BF1655 /* FeedViewController.swift */; };
		7EA672911A2D238000BF1655 /* FeedCell.swift in Sources */ = {isa = PBXBuildFile; fileRef = 7EA672901A2D238000BF1655 /* FeedCell.swift */; };
		7EA672931A2D24FA00BF1655 /* MobileCoreServices.framework in Frameworks */ = {isa = PBXBuildFile; fileRef = 7EA672921A2D24FA00BF1655 /* MobileCoreServices.framework */; };
		7EA672951A2D2D7000BF1655 /* FeedItem.swift in Sources */ = {isa = PBXBuildFile; fileRef = 7EA672941A2D2D7000BF1655 /* FeedItem.swift */; };
/* End PBXBuildFile section */

/* Begin PBXContainerItemProxy section */
		7EA6727F1A2D202200BF1655 /* PBXContainerItemProxy */ = {
			isa = PBXContainerItemProxy;
			containerPortal = 7EA6725E1A2D202200BF1655 /* Project object */;
			proxyType = 1;
			remoteGlobalIDString = 7EA672651A2D202200BF1655;
			remoteInfo = ExchangeAGram;
		};
/* End PBXContainerItemProxy section */

/* Begin PBXFileReference section */
		7EA672661A2D202200BF1655 /* ExchangeAGram.app */ = {isa = PBXFileReference; explicitFileType = wrapper.application; includeInIndex = 0; path = ExchangeAGram.app; sourceTree = BUILT_PRODUCTS_DIR; };
		7EA6726A1A2D202200BF1655 /* Info.plist */ = {isa = PBXFileReference; lastKnownFileType = text.plist.xml; path = Info.plist; sourceTree = "<group>"; };
		7EA6726B1A2D202200BF1655 /* AppDelegate.swift */ = {isa = PBXFileReference; lastKnownFileType = sourcecode.swift; path = AppDelegate.swift; sourceTree = "<group>"; };
		7EA6726E1A2D202200BF1655 /* ExchangeAGram.xcdatamodel */ = {isa = PBXFileReference; lastKnownFileType = wrapper.xcdatamodel; path = ExchangeAGram.xcdatamodel; sourceTree = "<group>"; };
		7EA672731A2D202200BF1655 /* Base */ = {isa = PBXFileReference; lastKnownFileType = file.storyboard; name = Base; path = Base.lproj/Main.storyboard; sourceTree = "<group>"; };
		7EA672751A2D202200BF1655 /* Images.xcassets */ = {isa = PBXFileReference; lastKnownFileType = folder.assetcatalog; path = Images.xcassets; sourceTree = "<group>"; };
		7EA672781A2D202200BF1655 /* Base */ = {isa = PBXFileReference; lastKnownFileType = file.xib; name = Base; path = Base.lproj/LaunchScreen.xib; sourceTree = "<group>"; };
		7EA6727E1A2D202200BF1655 /* ExchangeAGramTests.xctest */ = {isa = PBXFileReference; explicitFileType = wrapper.cfbundle; includeInIndex = 0; path = ExchangeAGramTests.xctest; sourceTree = BUILT_PRODUCTS_DIR; };
		7EA672831A2D202200BF1655 /* Info.plist */ = {isa = PBXFileReference; lastKnownFileType = text.plist.xml; path = Info.plist; sourceTree = "<group>"; };
		7EA672841A2D202200BF1655 /* ExchangeAGramTests.swift */ = {isa = PBXFileReference; lastKnownFileType = sourcecode.swift; path = ExchangeAGramTests.swift; sourceTree = "<group>"; };
		7EA6728E1A2D216400BF1655 /* FeedViewController.swift */ = {isa = PBXFileReference; fileEncoding = 4; lastKnownFileType = sourcecode.swift; name = FeedViewController.swift; path = ../FeedViewController.swift; sourceTree = "<group>"; };
		7EA672901A2D238000BF1655 /* FeedCell.swift */ = {isa = PBXFileReference; fileEncoding = 4; lastKnownFileType = sourcecode.swift; path = FeedCell.swift; sourceTree = "<group>"; };
		7EA672921A2D24FA00BF1655 /* MobileCoreServices.framework */ = {isa = PBXFileReference; lastKnownFileType = wrapper.framework; name = MobileCoreServices.framework; path = System/Library/Frameworks/MobileCoreServices.framework; sourceTree = SDKROOT; };
		7EA672941A2D2D7000BF1655 /* FeedItem.swift */ = {isa = PBXFileReference; fileEncoding = 4; lastKnownFileType = sourcecode.swift; path = FeedItem.swift; sourceTree = "<group>"; };
/* End PBXFileReference section */

/* Begin PBXFrameworksBuildPhase section */
		7EA672631A2D202200BF1655 /* Frameworks */ = {
			isa = PBXFrameworksBuildPhase;
			buildActionMask = 2147483647;
			files = (
				7EA672931A2D24FA00BF1655 /* MobileCoreServices.framework in Frameworks */,
			);
			runOnlyForDeploymentPostprocessing = 0;
		};
		7EA6727B1A2D202200BF1655 /* Frameworks */ = {
			isa = PBXFrameworksBuildPhase;
			buildActionMask = 2147483647;
			files = (
			);
			runOnlyForDeploymentPostprocessing = 0;
		};
/* End PBXFrameworksBuildPhase section */

/* Begin PBXGroup section */
		7EA6725D1A2D202200BF1655 = {
			isa = PBXGroup;
			children = (
				7EA672681A2D202200BF1655 /* ExchangeAGram */,
				7EA672811A2D202200BF1655 /* ExchangeAGramTests */,
				7EA672671A2D202200BF1655 /* Products */,
			);
			sourceTree = "<group>";
		};
		7EA672671A2D202200BF1655 /* Products */ = {
			isa = PBXGroup;
			children = (
				7EA672661A2D202200BF1655 /* ExchangeAGram.app */,
				7EA6727E1A2D202200BF1655 /* ExchangeAGramTests.xctest */,
			);
			name = Products;
			sourceTree = "<group>";
		};
		7EA672681A2D202200BF1655 /* ExchangeAGram */ = {
			isa = PBXGroup;
			children = (
				7EA6726B1A2D202200BF1655 /* AppDelegate.swift */,
				7EA6728E1A2D216400BF1655 /* FeedViewController.swift */,
				7EA672901A2D238000BF1655 /* FeedCell.swift */,
				7EA672721A2D202200BF1655 /* Main.storyboard */,
				7EA672751A2D202200BF1655 /* Images.xcassets */,
				7EA672771A2D202200BF1655 /* LaunchScreen.xib */,
				7EA6726D1A2D202200BF1655 /* ExchangeAGram.xcdatamodeld */,
				7EA672941A2D2D7000BF1655 /* FeedItem.swift */,
				7EA672691A2D202200BF1655 /* Supporting Files */,
			);
			path = ExchangeAGram;
			sourceTree = "<group>";
		};
		7EA672691A2D202200BF1655 /* Supporting Files */ = {
			isa = PBXGroup;
			children = (
				7EA672921A2D24FA00BF1655 /* MobileCoreServices.framework */,
				7EA6726A1A2D202200BF1655 /* Info.plist */,
			);
			name = "Supporting Files";
			sourceTree = "<group>";
		};
		7EA672811A2D202200BF1655 /* ExchangeAGramTests */ = {
			isa = PBXGroup;
			children = (
				7EA672841A2D202200BF1655 /* ExchangeAGramTests.swift */,
				7EA672821A2D202200BF1655 /* Supporting Files */,
			);
			path = ExchangeAGramTests;
			sourceTree = "<group>";
		};
		7EA672821A2D202200BF1655 /* Supporting Files */ = {
			isa = PBXGroup;
			children = (
				7EA672831A2D202200BF1655 /* Info.plist */,
			);
			name = "Supporting Files";
			sourceTree = "<group>";
		};
/* End PBXGroup section */

/* Begin PBXNativeTarget section */
		7EA672651A2D202200BF1655 /* ExchangeAGram */ = {
			isa = PBXNativeTarget;
			buildConfigurationList = 7EA672881A2D202200BF1655 /* Build configuration list for PBXNativeTarget "ExchangeAGram" */;
			buildPhases = (
				7EA672621A2D202200BF1655 /* Sources */,
				7EA672631A2D202200BF1655 /* Frameworks */,
				7EA672641A2D202200BF1655 /* Resources */,
			);
			buildRules = (
			);
			dependencies = (
			);
			name = ExchangeAGram;
			productName = ExchangeAGram;
			productReference = 7EA672661A2D202200BF1655 /* ExchangeAGram.app */;
			productType = "com.apple.product-type.application";
		};
		7EA6727D1A2D202200BF1655 /* ExchangeAGramTests */ = {
			isa = PBXNativeTarget;
			buildConfigurationList = 7EA6728B1A2D202200BF1655 /* Build configuration list for PBXNativeTarget "ExchangeAGramTests" */;
			buildPhases = (
				7EA6727A1A2D202200BF1655 /* Sources */,
				7EA6727B1A2D202200BF1655 /* Frameworks */,
				7EA6727C1A2D202200BF1655 /* Resources */,
			);
			buildRules = (
			);
			dependencies = (
				7EA672801A2D202200BF1655 /* PBXTargetDependency */,
			);
			name = ExchangeAGramTests;
			productName = ExchangeAGramTests;
			productReference = 7EA6727E1A2D202200BF1655 /* ExchangeAGramTests.xctest */;
			productType = "com.apple.product-type.bundle.unit-test";
		};
/* End PBXNativeTarget section */

/* Begin PBXProject section */
		7EA6725E1A2D202200BF1655 /* Project object */ = {
			isa = PBXProject;
			attributes = {
				LastUpgradeCheck = 0600;
				ORGANIZATIONNAME = "Jocus Interactive";
				TargetAttributes = {
					7EA672651A2D202200BF1655 = {
						CreatedOnToolsVersion = 6.0.1;
					};
					7EA6727D1A2D202200BF1655 = {
						CreatedOnToolsVersion = 6.0.1;
						TestTargetID = 7EA672651A2D202200BF1655;
					};
				};
			};
			buildConfigurationList = 7EA672611A2D202200BF1655 /* Build configuration list for PBXProject "ExchangeAGram" */;
			compatibilityVersion = "Xcode 3.2";
			developmentRegion = English;
			hasScannedForEncodings = 0;
			knownRegions = (
				en,
				Base,
			);
			mainGroup = 7EA6725D1A2D202200BF1655;
			productRefGroup = 7EA672671A2D202200BF1655 /* Products */;
			projectDirPath = "";
			projectRoot = "";
			targets = (
				7EA672651A2D202200BF1655 /* ExchangeAGram */,
				7EA6727D1A2D202200BF1655 /* ExchangeAGramTests */,
			);
		};
/* End PBXProject section */

/* Begin PBXResourcesBuildPhase section */
		7EA672641A2D202200BF1655 /* Resources */ = {
			isa = PBXResourcesBuildPhase;
			buildActionMask = 2147483647;
			files = (
				7EA672741A2D202200BF1655 /* Main.storyboard in Resources */,
				7EA672791A2D202200BF1655 /* LaunchScreen.xib in Resources */,
				7EA672761A2D202200BF1655 /* Images.xcassets in Resources */,
			);
			runOnlyForDeploymentPostprocessing = 0;
		};
		7EA6727C1A2D202200BF1655 /* Resources */ = {
			isa = PBXResourcesBuildPhase;
			buildActionMask = 2147483647;
			files = (
			);
			runOnlyForDeploymentPostprocessing = 0;
		};
/* End PBXResourcesBuildPhase section */

/* Begin PBXSourcesBuildPhase section */
		7EA672621A2D202200BF1655 /* Sources */ = {
			isa = PBXSourcesBuildPhase;
			buildActionMask = 2147483647;
			files = (
				7EA6726C1A2D202200BF1655 /* AppDelegate.swift in Sources */,
				7EA672911A2D238000BF1655 /* FeedCell.swift in Sources */,
				7EA6728F1A2D216400BF1655 /* FeedViewController.swift in Sources */,
				7EA672951A2D2D7000BF1655 /* FeedItem.swift in Sources */,
				7EA6726F1A2D202200BF1655 /* ExchangeAGram.xcdatamodeld in Sources */,
			);
			runOnlyForDeploymentPostprocessing = 0;
		};
		7EA6727A1A2D202200BF1655 /* Sources */ = {
			isa = PBXSourcesBuildPhase;
			buildActionMask = 2147483647;
			files = (
				7EA672851A2D202200BF1655 /* ExchangeAGramTests.swift in Sources */,
			);
			runOnlyForDeploymentPostprocessing = 0;
		};
/* End PBXSourcesBuildPhase section */

/* Begin PBXTargetDependency section */
		7EA672801A2D202200BF1655 /* PBXTargetDependency */ = {
			isa = PBXTargetDependency;
			target = 7EA672651A2D202200BF1655 /* ExchangeAGram */;
			targetProxy = 7EA6727F1A2D202200BF1655 /* PBXContainerItemProxy */;
		};
/* End PBXTargetDependency section */

/* Begin PBXVariantGroup section */
		7EA672721A2D202200BF1655 /* Main.storyboard */ = {
			isa = PBXVariantGroup;
			children = (
				7EA672731A2D202200BF1655 /* Base */,
			);
			name = Main.storyboard;
			sourceTree = "<group>";
		};
		7EA672771A2D202200BF1655 /* LaunchScreen.xib */ = {
			isa = PBXVariantGroup;
			children = (
				7EA672781A2D202200BF1655 /* Base */,
			);
			name = LaunchScreen.xib;
			sourceTree = "<group>";
		};
/* End PBXVariantGroup section */

/* Begin XCBuildConfiguration section */
		7EA672861A2D202200BF1655 /* Debug */ = {
			isa = XCBuildConfiguration;
			buildSettings = {
				ALWAYS_SEARCH_USER_PATHS = NO;
				CLANG_CXX_LANGUAGE_STANDARD = "gnu++0x";
				CLANG_CXX_LIBRARY = "libc++";
				CLANG_ENABLE_MODULES = YES;
				CLANG_ENABLE_OBJC_ARC = YES;
				CLANG_WARN_BOOL_CONVERSION = YES;
				CLANG_WARN_CONSTANT_CONVERSION = YES;
				CLANG_WARN_DIRECT_OBJC_ISA_USAGE = YES_ERROR;
				CLANG_WARN_EMPTY_BODY = YES;
				CLANG_WARN_ENUM_CONVERSION = YES;
				CLANG_WARN_INT_CONVERSION = YES;
				CLANG_WARN_OBJC_ROOT_CLASS = YES_ERROR;
				CLANG_WARN_UNREACHABLE_CODE = YES;
				CLANG_WARN__DUPLICATE_METHOD_MATCH = YES;
				"CODE_SIGN_IDENTITY[sdk=iphoneos*]" = "iPhone Developer";
				COPY_PHASE_STRIP = NO;
				ENABLE_STRICT_OBJC_MSGSEND = YES;
				GCC_C_LANGUAGE_STANDARD = gnu99;
				GCC_DYNAMIC_NO_PIC = NO;
				GCC_OPTIMIZATION_LEVEL = 0;
				GCC_PREPROCESSOR_DEFINITIONS = (
					"DEBUG=1",
					"$(inherited)",
				);
				GCC_SYMBOLS_PRIVATE_EXTERN = NO;
				GCC_WARN_64_TO_32_BIT_CONVERSION = YES;
				GCC_WARN_ABOUT_RETURN_TYPE = YES_ERROR;
				GCC_WARN_UNDECLARED_SELECTOR = YES;
				GCC_WARN_UNINITIALIZED_AUTOS = YES_AGGRESSIVE;
				GCC_WARN_UNUSED_FUNCTION = YES;
				GCC_WARN_UNUSED_VARIABLE = YES;
				IPHONEOS_DEPLOYMENT_TARGET = 8.0;
				MTL_ENABLE_DEBUG_INFO = YES;
				ONLY_ACTIVE_ARCH = YES;
				SDKROOT = iphoneos;
				SWIFT_OPTIMIZATION_LEVEL = "-Onone";
				TARGETED_DEVICE_FAMILY = "1,2";
			};
			name = Debug;
		};
		7EA672871A2D202200BF1655 /* Release */ = {
			isa = XCBuildConfiguration;
			buildSettings = {
				ALWAYS_SEARCH_USER_PATHS = NO;
				CLANG_CXX_LANGUAGE_STANDARD = "gnu++0x";
				CLANG_CXX_LIBRARY = "libc++";
				CLANG_ENABLE_MODULES = YES;
				CLANG_ENABLE_OBJC_ARC = YES;
				CLANG_WARN_BOOL_CONVERSION = YES;
				CLANG_WARN_CONSTANT_CONVERSION = YES;
				CLANG_WARN_DIRECT_OBJC_ISA_USAGE = YES_ERROR;
				CLANG_WARN_EMPTY_BODY = YES;
				CLANG_WARN_ENUM_CONVERSION = YES;
				CLANG_WARN_INT_CONVERSION = YES;
				CLANG_WARN_OBJC_ROOT_CLASS = YES_ERROR;
				CLANG_WARN_UNREACHABLE_CODE = YES;
				CLANG_WARN__DUPLICATE_METHOD_MATCH = YES;
				"CODE_SIGN_IDENTITY[sdk=iphoneos*]" = "iPhone Developer";
				COPY_PHASE_STRIP = YES;
				ENABLE_NS_ASSERTIONS = NO;
				ENABLE_STRICT_OBJC_MSGSEND = YES;
				GCC_C_LANGUAGE_STANDARD = gnu99;
				GCC_WARN_64_TO_32_BIT_CONVERSION = YES;
				GCC_WARN_ABOUT_RETURN_TYPE = YES_ERROR;
				GCC_WARN_UNDECLARED_SELECTOR = YES;
				GCC_WARN_UNINITIALIZED_AUTOS = YES_AGGRESSIVE;
				GCC_WARN_UNUSED_FUNCTION = YES;
				GCC_WARN_UNUSED_VARIABLE = YES;
				IPHONEOS_DEPLOYMENT_TARGET = 8.0;
				MTL_ENABLE_DEBUG_INFO = NO;
				SDKROOT = iphoneos;
				TARGETED_DEVICE_FAMILY = "1,2";
				VALIDATE_PRODUCT = YES;
			};
			name = Release;
		};
		7EA672891A2D202200BF1655 /* Debug */ = {
			isa = XCBuildConfiguration;
			buildSettings = {
				ASSETCATALOG_COMPILER_APPICON_NAME = AppIcon;
				INFOPLIST_FILE = ExchangeAGram/Info.plist;
				LD_RUNPATH_SEARCH_PATHS = "$(inherited) @executable_path/Frameworks";
				PRODUCT_NAME = "$(TARGET_NAME)";
			};
			name = Debug;
		};
		7EA6728A1A2D202200BF1655 /* Release */ = {
			isa = XCBuildConfiguration;
			buildSettings = {
				ASSETCATALOG_COMPILER_APPICON_NAME = AppIcon;
				INFOPLIST_FILE = ExchangeAGram/Info.plist;
				LD_RUNPATH_SEARCH_PATHS = "$(inherited) @executable_path/Frameworks";
				PRODUCT_NAME = "$(TARGET_NAME)";
			};
			name = Release;
		};
		7EA6728C1A2D202200BF1655 /* Debug */ = {
			isa = XCBuildConfiguration;
			buildSettings = {
				BUNDLE_LOADER = "$(TEST_HOST)";
				FRAMEWORK_SEARCH_PATHS = (
					"$(SDKROOT)/Developer/Library/Frameworks",
					"$(inherited)",
				);
				GCC_PREPROCESSOR_DEFINITIONS = (
					"DEBUG=1",
					"$(inherited)",
				);
				INFOPLIST_FILE = ExchangeAGramTests/Info.plist;
				LD_RUNPATH_SEARCH_PATHS = "$(inherited) @executable_path/Frameworks @loader_path/Frameworks";
				PRODUCT_NAME = "$(TARGET_NAME)";
				TEST_HOST = "$(BUILT_PRODUCTS_DIR)/ExchangeAGram.app/ExchangeAGram";
			};
			name = Debug;
		};
		7EA6728D1A2D202200BF1655 /* Release */ = {
			isa = XCBuildConfiguration;
			buildSettings = {
				BUNDLE_LOADER = "$(TEST_HOST)";
				FRAMEWORK_SEARCH_PATHS = (
					"$(SDKROOT)/Developer/Library/Frameworks",
					"$(inherited)",
				);
				INFOPLIST_FILE = ExchangeAGramTests/Info.plist;
				LD_RUNPATH_SEARCH_PATHS = "$(inherited) @executable_path/Frameworks @loader_path/Frameworks";
				PRODUCT_NAME = "$(TARGET_NAME)";
				TEST_HOST = "$(BUILT_PRODUCTS_DIR)/ExchangeAGram.app/ExchangeAGram";
			};
			name = Release;
		};
/* End XCBuildConfiguration section */

/* Begin XCConfigurationList section */
		7EA672611A2D202200BF1655 /* Build configuration list for PBXProject "ExchangeAGram" */ = {
			isa = XCConfigurationList;
			buildConfigurations = (
				7EA672861A2D202200BF1655 /* Debug */,
				7EA672871A2D202200BF1655 /* Release */,
			);
			defaultConfigurationIsVisible = 0;
			defaultConfigurationName = Release;
		};
		7EA672881A2D202200BF1655 /* Build configuration list for PBXNativeTarget "ExchangeAGram" */ = {
			isa = XCConfigurationList;
			buildConfigurations = (
				7EA672891A2D202200BF1655 /* Debug */,
				7EA6728A1A2D202200BF1655 /* Release */,
			);
			defaultConfigurationIsVisible = 0;
		};
		7EA6728B1A2D202200BF1655 /* Build configuration list for PBXNativeTarget "ExchangeAGramTests" */ = {
			isa = XCConfigurationList;
			buildConfigurations = (
				7EA6728C1A2D202200BF1655 /* Debug */,
				7EA6728D1A2D202200BF1655 /* Release */,
			);
			defaultConfigurationIsVisible = 0;
		};
/* End XCConfigurationList section */

/* Begin XCVersionGroup section */
		7EA6726D1A2D202200BF1655 /* ExchangeAGram.xcdatamodeld */ = {
			isa = XCVersionGroup;
			children = (
				7EA6726E1A2D202200BF1655 /* ExchangeAGram.xcdatamodel */,
			);
			currentVersion = 7EA6726E1A2D202200BF1655 /* ExchangeAGram.xcdatamodel */;
			path = ExchangeAGram.xcdatamodeld;
			sourceTree = "<group>";
			versionGroupType = wrapper.xcdatamodel;
		};
/* End XCVersionGroup section */
	};
	rootObject = 7EA6725E1A2D202200BF1655 /* Project object */;
}
